
Microsoft Visual Studio Solution File, Format Version 12.00
# Visual Studio Version 17
VisualStudioVersion = 17.5.33502.453
MinimumVisualStudioVersion = 10.0.40219.1
Project("{9A19103F-16F7-4668-BE54-9A1E7A4F7556}") = "Bank_Web_App", "Bank_Web_App.csproj", "{12B0D21B-8CD0-4A30-9DEF-3EA6E5D9C095}"
EndProject
Global
	GlobalSection(SolutionConfigurationPlatforms) = preSolution
		Debug|Any CPU = Debug|Any CPU
		Release|Any CPU = Release|Any CPU
	EndGlobalSection
	GlobalSection(ProjectConfigurationPlatforms) = postSolution
		{12B0D21B-8CD0-4A30-9DEF-3EA6E5D9C095}.Debug|Any CPU.ActiveCfg = Debug|Any CPU
		{12B0D21B-8CD0-4A30-9DEF-3EA6E5D9C095}.Debug|Any CPU.Build.0 = Debug|Any CPU
		{12B0D21B-8CD0-4A30-9DEF-3EA6E5D9C095}.Release|Any CPU.ActiveCfg = Release|Any CPU
		{12B0D21B-8CD0-4A30-9DEF-3EA6E5D9C095}.Release|Any CPU.Build.0 = Release|Any CPU
	EndGlobalSection
	GlobalSection(SolutionProperties) = preSolution
		HideSolutionNode = FALSE
	EndGlobalSection
	GlobalSection(ExtensibilityGlobals) = postSolution
		SolutionGuid = {0BB920D8-37CA-4555-9635-12FF2C1E2BED}
	EndGlobalSection
EndGlobal
